<?xml version="1.0" encoding="utf-8"?>
<Project ToolsVersion="17.0" xmlns="http://schemas.microsoft.com/developer/msbuild/2003">
  <ItemGroup>
    <ClCompile Include="C:\Users\netan\git\SWEng_task\receiver_cpp\receiver.cpp">
      <Filter>Source Files</Filter>
    </ClCompile>
    <ClCompile Include="C:\Users\netan\git\SWEng_task\receiver_cpp\ListenerThread.cpp">
      <Filter>Source Files</Filter>
    </ClCompile>
    <ClCompile Include="C:\Users\netan\git\SWEng_task\receiver_cpp\WriterThread.cpp">
      <Filter>Source Files</Filter>
    </ClCompile>
  </ItemGroup>
  <ItemGroup>
    <ClInclude Include="C:\Users\netan\git\SWEng_task\receiver_cpp\DoubleListPool.hpp">
      <Filter>Header Files</Filter>
    </ClInclude>
    <ClInclude Include="C:\Users\netan\git\SWEng_task\receiver_cpp\ListenerThread.hpp">
      <Filter>Header Files</Filter>
    </ClInclude>
    <ClInclude Include="C:\Users\netan\git\SWEng_task\receiver_cpp\WriterThread.hpp">
      <Filter>Header Files</Filter>
    </ClInclude>
  </ItemGroup>
  <ItemGroup>
    <CustomBuild Include="C:\Users\netan\git\SWEng_task\receiver_cpp\CMakeLists.txt" />
  </ItemGroup>
  <ItemGroup>
    <Filter Include="Header Files">
      <UniqueIdentifier>{74A222BC-1096-37BC-BA44-7508ADC349F0}</UniqueIdentifier>
    </Filter>
    <Filter Include="Source Files">
      <UniqueIdentifier>{F14E5AD6-A8DB-381B-BC3D-7763F62357C1}</UniqueIdentifier>
    </Filter>
  </ItemGroup>
</Project>
