<?xml version="1.0" encoding="utf-8"?>
<Project ToolsVersion="17.0" xmlns="http://schemas.microsoft.com/developer/msbuild/2003">
  <ItemGroup>
    <CustomBuild Include="C:\Users\netan\git\SWEng_task\build-emul\CMakeFiles\b44008ce173b702df1b84f7b06f92ab7\generate.stamp.rule">
      <Filter>CMake Rules</Filter>
    </CustomBuild>
  </ItemGroup>
  <ItemGroup>
    <Filter Include="CMake Rules">
      <UniqueIdentifier>{CFD8A73D-7295-351A-8202-88378298EAEB}</UniqueIdentifier>
    </Filter>
  </ItemGroup>
</Project>
